
Microsoft Visual Studio Solution File, Format Version 12.00
# Visual Studio Version 17
VisualStudioVersion = 17.9.34723.18
MinimumVisualStudioVersion = 10.0.40219.1
Project("{2150E333-8FDC-42A3-9474-1A3956D46DE8}") = "UI", "UI", "{ECA26EB2-F092-4367-8FF2-A89A2593DC9A}"
EndProject
Project("{2150E333-8FDC-42A3-9474-1A3956D46DE8}") = "Core", "Core", "{7F153427-D255-49D8-A03A-1F1874D6B793}"
EndProject
Project("{9A19103F-16F7-4668-BE54-9A1E7A4F7556}") = "UDM.Core", "UDM.Core\UDM.Core.csproj", "{0566F5F0-D604-4620-A932-B54A481D121D}"
EndProject
Project("{9A19103F-16F7-4668-BE54-9A1E7A4F7556}") = "UDM.Avalonia", "UDM.Avalonia\UDM.Avalonia.csproj", "{F2E0620B-6230-463E-9A4C-570452BC8163}"
EndProject
Project("{9A19103F-16F7-4668-BE54-9A1E7A4F7556}") = "UDM.Avalonia.Desktop", "UDM.Avalonia.Desktop\UDM.Avalonia.Desktop.csproj", "{6F11B732-2AA3-4FC3-A5BC-E0639096A2C2}"
EndProject
Project("{9A19103F-16F7-4668-BE54-9A1E7A4F7556}") = "UDM.Model", "UDM.Model\UDM.Model.csproj", "{D679328B-33C6-457F-9167-7DB8AE3FB213}"
EndProject
Project("{9A19103F-16F7-4668-BE54-9A1E7A4F7556}") = "UDM.WPF", "UDM.WPF\UDM.WPF.csproj", "{99E0D2B3-A42E-4E4B-8873-D3D017881655}"
EndProject
Project("{2150E333-8FDC-42A3-9474-1A3956D46DE8}") = "Элементы решения", "Элементы решения", "{38BBA6FA-4C10-4907-BC0A-9FDE77AD3060}"
	ProjectSection(SolutionItems) = preProject
		..\README.md = ..\README.md
		..\TODO.md = ..\TODO.md
	EndProjectSection
EndProject
Project("{FAE04EC0-301F-11D3-BF4B-00C04F79EFBC}") = "UDM.InteractionService", "UDM.InteractionService\UDM.InteractionService.csproj", "{ED04853F-5A31-4318-B785-E660218A5A32}"
EndProject
Global
	GlobalSection(SolutionConfigurationPlatforms) = preSolution
		Debug|Any CPU = Debug|Any CPU
		Release|Any CPU = Release|Any CPU
	EndGlobalSection
	GlobalSection(ProjectConfigurationPlatforms) = postSolution
		{0566F5F0-D604-4620-A932-B54A481D121D}.Debug|Any CPU.ActiveCfg = Debug|Any CPU
		{0566F5F0-D604-4620-A932-B54A481D121D}.Debug|Any CPU.Build.0 = Debug|Any CPU
		{0566F5F0-D604-4620-A932-B54A481D121D}.Release|Any CPU.ActiveCfg = Release|Any CPU
		{0566F5F0-D604-4620-A932-B54A481D121D}.Release|Any CPU.Build.0 = Release|Any CPU
		{F2E0620B-6230-463E-9A4C-570452BC8163}.Debug|Any CPU.ActiveCfg = Debug|Any CPU
		{F2E0620B-6230-463E-9A4C-570452BC8163}.Debug|Any CPU.Build.0 = Debug|Any CPU
		{F2E0620B-6230-463E-9A4C-570452BC8163}.Release|Any CPU.ActiveCfg = Release|Any CPU
		{F2E0620B-6230-463E-9A4C-570452BC8163}.Release|Any CPU.Build.0 = Release|Any CPU
		{6F11B732-2AA3-4FC3-A5BC-E0639096A2C2}.Debug|Any CPU.ActiveCfg = Debug|Any CPU
		{6F11B732-2AA3-4FC3-A5BC-E0639096A2C2}.Debug|Any CPU.Build.0 = Debug|Any CPU
		{6F11B732-2AA3-4FC3-A5BC-E0639096A2C2}.Release|Any CPU.ActiveCfg = Release|Any CPU
		{6F11B732-2AA3-4FC3-A5BC-E0639096A2C2}.Release|Any CPU.Build.0 = Release|Any CPU
		{D679328B-33C6-457F-9167-7DB8AE3FB213}.Debug|Any CPU.ActiveCfg = Debug|Any CPU
		{D679328B-33C6-457F-9167-7DB8AE3FB213}.Debug|Any CPU.Build.0 = Debug|Any CPU
		{D679328B-33C6-457F-9167-7DB8AE3FB213}.Release|Any CPU.ActiveCfg = Release|Any CPU
		{D679328B-33C6-457F-9167-7DB8AE3FB213}.Release|Any CPU.Build.0 = Release|Any CPU
		{99E0D2B3-A42E-4E4B-8873-D3D017881655}.Debug|Any CPU.ActiveCfg = Debug|Any CPU
		{99E0D2B3-A42E-4E4B-8873-D3D017881655}.Debug|Any CPU.Build.0 = Debug|Any CPU
		{99E0D2B3-A42E-4E4B-8873-D3D017881655}.Release|Any CPU.ActiveCfg = Release|Any CPU
		{99E0D2B3-A42E-4E4B-8873-D3D017881655}.Release|Any CPU.Build.0 = Release|Any CPU
		{ED04853F-5A31-4318-B785-E660218A5A32}.Debug|Any CPU.ActiveCfg = Debug|Any CPU
		{ED04853F-5A31-4318-B785-E660218A5A32}.Debug|Any CPU.Build.0 = Debug|Any CPU
		{ED04853F-5A31-4318-B785-E660218A5A32}.Release|Any CPU.ActiveCfg = Release|Any CPU
		{ED04853F-5A31-4318-B785-E660218A5A32}.Release|Any CPU.Build.0 = Release|Any CPU
	EndGlobalSection
	GlobalSection(SolutionProperties) = preSolution
		HideSolutionNode = FALSE
	EndGlobalSection
	GlobalSection(NestedProjects) = preSolution
		{0566F5F0-D604-4620-A932-B54A481D121D} = {7F153427-D255-49D8-A03A-1F1874D6B793}
		{F2E0620B-6230-463E-9A4C-570452BC8163} = {ECA26EB2-F092-4367-8FF2-A89A2593DC9A}
		{6F11B732-2AA3-4FC3-A5BC-E0639096A2C2} = {ECA26EB2-F092-4367-8FF2-A89A2593DC9A}
		{D679328B-33C6-457F-9167-7DB8AE3FB213} = {7F153427-D255-49D8-A03A-1F1874D6B793}
		{99E0D2B3-A42E-4E4B-8873-D3D017881655} = {ECA26EB2-F092-4367-8FF2-A89A2593DC9A}
		{ED04853F-5A31-4318-B785-E660218A5A32} = {7F153427-D255-49D8-A03A-1F1874D6B793}
	EndGlobalSection
	GlobalSection(ExtensibilityGlobals) = postSolution
		SolutionGuid = {C4A64C66-8B46-4A1C-8545-C19C4D47C5BC}
	EndGlobalSection
EndGlobal
